
Microsoft Visual Studio Solution File, Format Version 12.00
# Visual Studio Version 16
VisualStudioVersion = 16.0.30114.105
MinimumVisualStudioVersion = 10.0.40219.1
Project("{FAE04EC0-301F-11D3-BF4B-00C04F79EFBC}") = "Poc_Fab.Android", "Poc_Fab\Poc_Fab.Android\Poc_Fab.Android.csproj", "{551E93CD-842A-4EFB-99B4-14C52BE47F0A}"
EndProject
Project("{FAE04EC0-301F-11D3-BF4B-00C04F79EFBC}") = "Poc_Fab.iOS", "Poc_Fab\Poc_Fab.iOS\Poc_Fab.iOS.csproj", "{0AF20096-8133-4A6D-B40E-5FD3F313AE0D}"
EndProject
Project("{FAE04EC0-301F-11D3-BF4B-00C04F79EFBC}") = "Poc_Fab", "Poc_Fab\Poc_Fab\Poc_Fab.csproj", "{607F56C1-867F-4D7D-8CFD-53FAF5DAE48A}"
EndProject
Global
	GlobalSection(SolutionConfigurationPlatforms) = preSolution
		Debug|Any CPU = Debug|Any CPU
		Debug|iPhone = Debug|iPhone
		Debug|iPhoneSimulator = Debug|iPhoneSimulator
		Release|Any CPU = Release|Any CPU
		Release|iPhone = Release|iPhone
		Release|iPhoneSimulator = Release|iPhoneSimulator
	EndGlobalSection
	GlobalSection(ProjectConfigurationPlatforms) = postSolution
		{551E93CD-842A-4EFB-99B4-14C52BE47F0A}.Debug|Any CPU.ActiveCfg = Debug|Any CPU
		{551E93CD-842A-4EFB-99B4-14C52BE47F0A}.Debug|Any CPU.Build.0 = Debug|Any CPU
		{551E93CD-842A-4EFB-99B4-14C52BE47F0A}.Debug|Any CPU.Deploy.0 = Debug|Any CPU
		{551E93CD-842A-4EFB-99B4-14C52BE47F0A}.Debug|iPhone.ActiveCfg = Debug|Any CPU
		{551E93CD-842A-4EFB-99B4-14C52BE47F0A}.Debug|iPhone.Build.0 = Debug|Any CPU
		{551E93CD-842A-4EFB-99B4-14C52BE47F0A}.Debug|iPhone.Deploy.0 = Debug|Any CPU
		{551E93CD-842A-4EFB-99B4-14C52BE47F0A}.Debug|iPhoneSimulator.ActiveCfg = Debug|Any CPU
		{551E93CD-842A-4EFB-99B4-14C52BE47F0A}.Debug|iPhoneSimulator.Build.0 = Debug|Any CPU
		{551E93CD-842A-4EFB-99B4-14C52BE47F0A}.Debug|iPhoneSimulator.Deploy.0 = Debug|Any CPU
		{551E93CD-842A-4EFB-99B4-14C52BE47F0A}.Release|Any CPU.ActiveCfg = Release|Any CPU
		{551E93CD-842A-4EFB-99B4-14C52BE47F0A}.Release|Any CPU.Build.0 = Release|Any CPU
		{551E93CD-842A-4EFB-99B4-14C52BE47F0A}.Release|Any CPU.Deploy.0 = Release|Any CPU
		{551E93CD-842A-4EFB-99B4-14C52BE47F0A}.Release|iPhone.ActiveCfg = Release|Any CPU
		{551E93CD-842A-4EFB-99B4-14C52BE47F0A}.Release|iPhone.Build.0 = Release|Any CPU
		{551E93CD-842A-4EFB-99B4-14C52BE47F0A}.Release|iPhone.Deploy.0 = Release|Any CPU
		{551E93CD-842A-4EFB-99B4-14C52BE47F0A}.Release|iPhoneSimulator.ActiveCfg = Release|Any CPU
		{551E93CD-842A-4EFB-99B4-14C52BE47F0A}.Release|iPhoneSimulator.Build.0 = Release|Any CPU
		{551E93CD-842A-4EFB-99B4-14C52BE47F0A}.Release|iPhoneSimulator.Deploy.0 = Release|Any CPU
		{0AF20096-8133-4A6D-B40E-5FD3F313AE0D}.Debug|Any CPU.ActiveCfg = Debug|iPhone
		{0AF20096-8133-4A6D-B40E-5FD3F313AE0D}.Debug|Any CPU.Build.0 = Debug|iPhone
		{0AF20096-8133-4A6D-B40E-5FD3F313AE0D}.Debug|Any CPU.Deploy.0 = Debug|iPhone
		{0AF20096-8133-4A6D-B40E-5FD3F313AE0D}.Debug|iPhone.ActiveCfg = Debug|iPhone
		{0AF20096-8133-4A6D-B40E-5FD3F313AE0D}.Debug|iPhone.Build.0 = Debug|iPhone
		{0AF20096-8133-4A6D-B40E-5FD3F313AE0D}.Debug|iPhone.Deploy.0 = Debug|iPhone
		{0AF20096-8133-4A6D-B40E-5FD3F313AE0D}.Debug|iPhoneSimulator.ActiveCfg = Debug|iPhoneSimulator
		{0AF20096-8133-4A6D-B40E-5FD3F313AE0D}.Debug|iPhoneSimulator.Build.0 = Debug|iPhoneSimulator
		{0AF20096-8133-4A6D-B40E-5FD3F313AE0D}.Debug|iPhoneSimulator.Deploy.0 = Debug|iPhoneSimulator
		{0AF20096-8133-4A6D-B40E-5FD3F313AE0D}.Release|Any CPU.ActiveCfg = Release|iPhone
		{0AF20096-8133-4A6D-B40E-5FD3F313AE0D}.Release|Any CPU.Build.0 = Release|iPhone
		{0AF20096-8133-4A6D-B40E-5FD3F313AE0D}.Release|Any CPU.Deploy.0 = Release|iPhone
		{0AF20096-8133-4A6D-B40E-5FD3F313AE0D}.Release|iPhone.ActiveCfg = Release|iPhone
		{0AF20096-8133-4A6D-B40E-5FD3F313AE0D}.Release|iPhone.Build.0 = Release|iPhone
		{0AF20096-8133-4A6D-B40E-5FD3F313AE0D}.Release|iPhone.Deploy.0 = Release|iPhone
		{0AF20096-8133-4A6D-B40E-5FD3F313AE0D}.Release|iPhoneSimulator.ActiveCfg = Release|iPhoneSimulator
		{0AF20096-8133-4A6D-B40E-5FD3F313AE0D}.Release|iPhoneSimulator.Build.0 = Release|iPhoneSimulator
		{0AF20096-8133-4A6D-B40E-5FD3F313AE0D}.Release|iPhoneSimulator.Deploy.0 = Release|iPhoneSimulator
		{607F56C1-867F-4D7D-8CFD-53FAF5DAE48A}.Debug|Any CPU.ActiveCfg = Debug|Any CPU
		{607F56C1-867F-4D7D-8CFD-53FAF5DAE48A}.Debug|Any CPU.Build.0 = Debug|Any CPU
		{607F56C1-867F-4D7D-8CFD-53FAF5DAE48A}.Debug|Any CPU.Deploy.0 = Debug|Any CPU
		{607F56C1-867F-4D7D-8CFD-53FAF5DAE48A}.Debug|iPhone.ActiveCfg = Debug|Any CPU
		{607F56C1-867F-4D7D-8CFD-53FAF5DAE48A}.Debug|iPhone.Build.0 = Debug|Any CPU
		{607F56C1-867F-4D7D-8CFD-53FAF5DAE48A}.Debug|iPhone.Deploy.0 = Debug|Any CPU
		{607F56C1-867F-4D7D-8CFD-53FAF5DAE48A}.Debug|iPhoneSimulator.ActiveCfg = Debug|Any CPU
		{607F56C1-867F-4D7D-8CFD-53FAF5DAE48A}.Debug|iPhoneSimulator.Build.0 = Debug|Any CPU
		{607F56C1-867F-4D7D-8CFD-53FAF5DAE48A}.Debug|iPhoneSimulator.Deploy.0 = Debug|Any CPU
		{607F56C1-867F-4D7D-8CFD-53FAF5DAE48A}.Release|Any CPU.ActiveCfg = Release|Any CPU
		{607F56C1-867F-4D7D-8CFD-53FAF5DAE48A}.Release|Any CPU.Build.0 = Release|Any CPU
		{607F56C1-867F-4D7D-8CFD-53FAF5DAE48A}.Release|Any CPU.Deploy.0 = Release|Any CPU
		{607F56C1-867F-4D7D-8CFD-53FAF5DAE48A}.Release|iPhone.ActiveCfg = Release|Any CPU
		{607F56C1-867F-4D7D-8CFD-53FAF5DAE48A}.Release|iPhone.Build.0 = Release|Any CPU
		{607F56C1-867F-4D7D-8CFD-53FAF5DAE48A}.Release|iPhone.Deploy.0 = Release|Any CPU
		{607F56C1-867F-4D7D-8CFD-53FAF5DAE48A}.Release|iPhoneSimulator.ActiveCfg = Release|Any CPU
		{607F56C1-867F-4D7D-8CFD-53FAF5DAE48A}.Release|iPhoneSimulator.Build.0 = Release|Any CPU
		{607F56C1-867F-4D7D-8CFD-53FAF5DAE48A}.Release|iPhoneSimulator.Deploy.0 = Release|Any CPU
	EndGlobalSection
	GlobalSection(SolutionProperties) = preSolution
		HideSolutionNode = FALSE
	EndGlobalSection
	GlobalSection(ExtensibilityGlobals) = postSolution
		SolutionGuid = {C97DAA36-6BA7-4717-8C1B-C3DAB086145E}
	EndGlobalSection
EndGlobal
